
Microsoft Visual Studio Solution File, Format Version 12.00
# Visual Studio 15
VisualStudioVersion = 15.0.28307.106
MinimumVisualStudioVersion = 10.0.40219.1
Project("{FAE04EC0-301F-11D3-BF4B-00C04F79EFBC}") = "Vidly", "Vidly\Vidly.csproj", "{C3CE943F-1D45-430B-A7AB-2A79055C08C2}"
EndProject
Global
	GlobalSection(SolutionConfigurationPlatforms) = preSolution
		Debug|Any CPU = Debug|Any CPU
		Release|Any CPU = Release|Any CPU
	EndGlobalSection
	GlobalSection(ProjectConfigurationPlatforms) = postSolution
		{C3CE943F-1D45-430B-A7AB-2A79055C08C2}.Debug|Any CPU.ActiveCfg = Debug|Any CPU
		{C3CE943F-1D45-430B-A7AB-2A79055C08C2}.Debug|Any CPU.Build.0 = Debug|Any CPU
		{C3CE943F-1D45-430B-A7AB-2A79055C08C2}.Release|Any CPU.ActiveCfg = Release|Any CPU
		{C3CE943F-1D45-430B-A7AB-2A79055C08C2}.Release|Any CPU.Build.0 = Release|Any CPU
	EndGlobalSection
	GlobalSection(SolutionProperties) = preSolution
		HideSolutionNode = FALSE
	EndGlobalSection
	GlobalSection(ExtensibilityGlobals) = postSolution
		SolutionGuid = {341491D3-266C-4A29-863C-67E0DAA18901}
	EndGlobalSection
EndGlobal
